
Microsoft Visual Studio Solution File, Format Version 12.00
# Visual Studio Version 17
VisualStudioVersion = 17.12.35521.163 d17.12
MinimumVisualStudioVersion = 10.0.40219.1
Project("{F2A71F9B-5D33-465A-A702-920D77279786}") = "Lab06", "Lab06.fsproj", "{284F9164-6F12-4EC9-8424-B4D19EF90817}"
EndProject
Global
	GlobalSection(SolutionConfigurationPlatforms) = preSolution
		Debug|Any CPU = Debug|Any CPU
		Release|Any CPU = Release|Any CPU
	EndGlobalSection
	GlobalSection(ProjectConfigurationPlatforms) = postSolution
		{284F9164-6F12-4EC9-8424-B4D19EF90817}.Debug|Any CPU.ActiveCfg = Debug|Any CPU
		{284F9164-6F12-4EC9-8424-B4D19EF90817}.Debug|Any CPU.Build.0 = Debug|Any CPU
		{284F9164-6F12-4EC9-8424-B4D19EF90817}.Release|Any CPU.ActiveCfg = Release|Any CPU
		{284F9164-6F12-4EC9-8424-B4D19EF90817}.Release|Any CPU.Build.0 = Release|Any CPU
	EndGlobalSection
	GlobalSection(SolutionProperties) = preSolution
		HideSolutionNode = FALSE
	EndGlobalSection
EndGlobal
